
Microsoft Visual Studio Solution File, Format Version 12.00
# Visual Studio Version 17
VisualStudioVersion = 17.9.34714.143
MinimumVisualStudioVersion = 10.0.40219.1
Project("{888888A0-9F3D-457C-B088-3A5042F75D52}") = "Assignment0_Python", "Assignment0_Python.pyproj", "{334A3443-1144-48EB-88C9-4863E66E25C6}"
EndProject
Global
	GlobalSection(SolutionConfigurationPlatforms) = preSolution
		Debug|Any CPU = Debug|Any CPU
		Release|Any CPU = Release|Any CPU
	EndGlobalSection
	GlobalSection(ProjectConfigurationPlatforms) = postSolution
		{334A3443-1144-48EB-88C9-4863E66E25C6}.Debug|Any CPU.ActiveCfg = Debug|Any CPU
		{334A3443-1144-48EB-88C9-4863E66E25C6}.Release|Any CPU.ActiveCfg = Release|Any CPU
	EndGlobalSection
	GlobalSection(SolutionProperties) = preSolution
		HideSolutionNode = FALSE
	EndGlobalSection
	GlobalSection(ExtensibilityGlobals) = postSolution
		SolutionGuid = {165200AC-B129-492F-B5EC-DC542E4BCDCF}
	EndGlobalSection
EndGlobal
